
Microsoft Visual Studio Solution File, Format Version 12.00
# Visual Studio Version 16
VisualStudioVersion = 16.0.31105.61
MinimumVisualStudioVersion = 10.0.40219.1
Project("{9A19103F-16F7-4668-BE54-9A1E7A4F7556}") = "StockLib", "StockLib.csproj", "{79D07965-E80D-48D9-8821-CB34782A2B04}"
EndProject
Global
	GlobalSection(SolutionConfigurationPlatforms) = preSolution
		Debug|Any CPU = Debug|Any CPU
		Release|Any CPU = Release|Any CPU
	EndGlobalSection
	GlobalSection(ProjectConfigurationPlatforms) = postSolution
		{79D07965-E80D-48D9-8821-CB34782A2B04}.Debug|Any CPU.ActiveCfg = Debug|Any CPU
		{79D07965-E80D-48D9-8821-CB34782A2B04}.Debug|Any CPU.Build.0 = Debug|Any CPU
		{79D07965-E80D-48D9-8821-CB34782A2B04}.Release|Any CPU.ActiveCfg = Release|Any CPU
		{79D07965-E80D-48D9-8821-CB34782A2B04}.Release|Any CPU.Build.0 = Release|Any CPU
	EndGlobalSection
	GlobalSection(SolutionProperties) = preSolution
		HideSolutionNode = FALSE
	EndGlobalSection
	GlobalSection(ExtensibilityGlobals) = postSolution
		SolutionGuid = {9FE013F9-8248-4958-ACF4-3845207C9661}
	EndGlobalSection
EndGlobal
