
Microsoft Visual Studio Solution File, Format Version 12.00
# Visual Studio Version 16
VisualStudioVersion = 16.0.31105.61
MinimumVisualStudioVersion = 10.0.40219.1
Project("{9A19103F-16F7-4668-BE54-9A1E7A4F7556}") = "TypeInterceptor", "TypeInterceptor.csproj", "{3B734139-9F4F-405E-9410-CEC2853F9C5F}"
EndProject
Project("{9A19103F-16F7-4668-BE54-9A1E7A4F7556}") = "Example", "Example\Example.csproj", "{5ED04ECB-1559-4CDA-AF4C-86DCE6B04309}"
EndProject
Global
	GlobalSection(SolutionConfigurationPlatforms) = preSolution
		Debug|Any CPU = Debug|Any CPU
		Release|Any CPU = Release|Any CPU
	EndGlobalSection
	GlobalSection(ProjectConfigurationPlatforms) = postSolution
		{3B734139-9F4F-405E-9410-CEC2853F9C5F}.Debug|Any CPU.ActiveCfg = Debug|Any CPU
		{3B734139-9F4F-405E-9410-CEC2853F9C5F}.Debug|Any CPU.Build.0 = Debug|Any CPU
		{3B734139-9F4F-405E-9410-CEC2853F9C5F}.Release|Any CPU.ActiveCfg = Release|Any CPU
		{3B734139-9F4F-405E-9410-CEC2853F9C5F}.Release|Any CPU.Build.0 = Release|Any CPU
		{5ED04ECB-1559-4CDA-AF4C-86DCE6B04309}.Debug|Any CPU.ActiveCfg = Debug|Any CPU
		{5ED04ECB-1559-4CDA-AF4C-86DCE6B04309}.Debug|Any CPU.Build.0 = Debug|Any CPU
		{5ED04ECB-1559-4CDA-AF4C-86DCE6B04309}.Release|Any CPU.ActiveCfg = Release|Any CPU
		{5ED04ECB-1559-4CDA-AF4C-86DCE6B04309}.Release|Any CPU.Build.0 = Release|Any CPU
	EndGlobalSection
	GlobalSection(SolutionProperties) = preSolution
		HideSolutionNode = FALSE
	EndGlobalSection
	GlobalSection(ExtensibilityGlobals) = postSolution
		SolutionGuid = {E02BC2D7-EB6F-4ADA-9846-B984DA4C769C}
	EndGlobalSection
EndGlobal
