
Microsoft Visual Studio Solution File, Format Version 12.00
# Visual Studio Version 16
VisualStudioVersion = 16.0.31105.61
MinimumVisualStudioVersion = 10.0.40219.1
Project("{9A19103F-16F7-4668-BE54-9A1E7A4F7556}") = "Client", "Client\Client.csproj", "{F9E33B9B-8E00-4711-9D2C-766CCF4921C4}"
EndProject
Project("{FAE04EC0-301F-11D3-BF4B-00C04F79EFBC}") = "Server", "Server\Server.csproj", "{04D2F948-667D-4BBC-B310-883B868DE63E}"
EndProject
Project("{FAE04EC0-301F-11D3-BF4B-00C04F79EFBC}") = "SocketLib", "SocketLib\SocketLib.csproj", "{AFC461C6-BC7D-4782-96E1-3BF7C8C35C09}"
EndProject
Project("{FAE04EC0-301F-11D3-BF4B-00C04F79EFBC}") = "Protocol", "Protocol\Protocol.csproj", "{4C84EBE2-E7E7-4DA3-8E68-39A15B34115F}"
EndProject
Global
	GlobalSection(SolutionConfigurationPlatforms) = preSolution
		Debug|Any CPU = Debug|Any CPU
		Release|Any CPU = Release|Any CPU
	EndGlobalSection
	GlobalSection(ProjectConfigurationPlatforms) = postSolution
		{F9E33B9B-8E00-4711-9D2C-766CCF4921C4}.Debug|Any CPU.ActiveCfg = Debug|Any CPU
		{F9E33B9B-8E00-4711-9D2C-766CCF4921C4}.Debug|Any CPU.Build.0 = Debug|Any CPU
		{F9E33B9B-8E00-4711-9D2C-766CCF4921C4}.Release|Any CPU.ActiveCfg = Release|Any CPU
		{F9E33B9B-8E00-4711-9D2C-766CCF4921C4}.Release|Any CPU.Build.0 = Release|Any CPU
		{04D2F948-667D-4BBC-B310-883B868DE63E}.Debug|Any CPU.ActiveCfg = Debug|Any CPU
		{04D2F948-667D-4BBC-B310-883B868DE63E}.Debug|Any CPU.Build.0 = Debug|Any CPU
		{04D2F948-667D-4BBC-B310-883B868DE63E}.Release|Any CPU.ActiveCfg = Release|Any CPU
		{04D2F948-667D-4BBC-B310-883B868DE63E}.Release|Any CPU.Build.0 = Release|Any CPU
		{AFC461C6-BC7D-4782-96E1-3BF7C8C35C09}.Debug|Any CPU.ActiveCfg = Debug|Any CPU
		{AFC461C6-BC7D-4782-96E1-3BF7C8C35C09}.Debug|Any CPU.Build.0 = Debug|Any CPU
		{AFC461C6-BC7D-4782-96E1-3BF7C8C35C09}.Release|Any CPU.ActiveCfg = Release|Any CPU
		{AFC461C6-BC7D-4782-96E1-3BF7C8C35C09}.Release|Any CPU.Build.0 = Release|Any CPU
		{4C84EBE2-E7E7-4DA3-8E68-39A15B34115F}.Debug|Any CPU.ActiveCfg = Debug|Any CPU
		{4C84EBE2-E7E7-4DA3-8E68-39A15B34115F}.Debug|Any CPU.Build.0 = Debug|Any CPU
		{4C84EBE2-E7E7-4DA3-8E68-39A15B34115F}.Release|Any CPU.ActiveCfg = Release|Any CPU
		{4C84EBE2-E7E7-4DA3-8E68-39A15B34115F}.Release|Any CPU.Build.0 = Release|Any CPU
	EndGlobalSection
	GlobalSection(SolutionProperties) = preSolution
		HideSolutionNode = FALSE
	EndGlobalSection
	GlobalSection(ExtensibilityGlobals) = postSolution
		SolutionGuid = {C3EEE2AB-C231-4557-96A3-42D1DE95FB30}
	EndGlobalSection
EndGlobal
